// !$*UTF8*$!
{
	archiveVersion = 1;
	classes = {
	};
	objectVersion = 56;
	objects = {

/* Begin PBXBuildFile section */
		7804E4442AF3E60F00C5E0CC /* StepDetailView.swift in Sources */ = {isa = PBXBuildFile; fileRef = 7804E4432AF3E60F00C5E0CC /* StepDetailView.swift */; };
		7804E4462AF3E75400C5E0CC /* Step.swift in Sources */ = {isa = PBXBuildFile; fileRef = 7804E4452AF3E75400C5E0CC /* Step.swift */; };
		7812C6CB2B038107000BF5A4 /* TestView.swift in Sources */ = {isa = PBXBuildFile; fileRef = 7812C6CA2B038107000BF5A4 /* TestView.swift */; };
		781448EC2AEC3C6200090E89 /* TripTests.swift in Sources */ = {isa = PBXBuildFile; fileRef = 781448EB2AEC3C6200090E89 /* TripTests.swift */; platformFilter = ios; };
		781448EE2AEC3D7200090E89 /* AddTripView.swift in Sources */ = {isa = PBXBuildFile; fileRef = 781448ED2AEC3D7200090E89 /* AddTripView.swift */; };
		782D63352AEBDF0500C1C48A /* FootprintsApp.swift in Sources */ = {isa = PBXBuildFile; fileRef = 782D63342AEBDF0500C1C48A /* FootprintsApp.swift */; };
		782D63372AEBDF0500C1C48A /* ContentView.swift in Sources */ = {isa = PBXBuildFile; fileRef = 782D63362AEBDF0500C1C48A /* ContentView.swift */; };
		782D63392AEBDF0600C1C48A /* Assets.xcassets in Resources */ = {isa = PBXBuildFile; fileRef = 782D63382AEBDF0600C1C48A /* Assets.xcassets */; };
		782D633D2AEBDF0600C1C48A /* Preview Assets.xcassets in Resources */ = {isa = PBXBuildFile; fileRef = 782D633C2AEBDF0600C1C48A /* Preview Assets.xcassets */; };
		782D63472AEBDF0600C1C48A /* EnvironmentalValuesExtensionTests.swift in Sources */ = {isa = PBXBuildFile; fileRef = 782D63462AEBDF0600C1C48A /* EnvironmentalValuesExtensionTests.swift */; };
		782D63512AEBDF0600C1C48A /* NavigationUITests.swift in Sources */ = {isa = PBXBuildFile; fileRef = 782D63502AEBDF0600C1C48A /* NavigationUITests.swift */; platformFilter = ios; };
		782D63532AEBDF0600C1C48A /* FootprintsUITestsLaunchTests.swift in Sources */ = {isa = PBXBuildFile; fileRef = 782D63522AEBDF0600C1C48A /* FootprintsUITestsLaunchTests.swift */; };
		782D63602AEBE19100C1C48A /* EnvironmentalValues+Extension.swift in Sources */ = {isa = PBXBuildFile; fileRef = 782D635F2AEBE19100C1C48A /* EnvironmentalValues+Extension.swift */; };
		782D63752AEBE4C200C1C48A /* AppSidebarList.swift in Sources */ = {isa = PBXBuildFile; fileRef = 782D63712AEBE4C100C1C48A /* AppSidebarList.swift */; };
		782D63762AEBE4C200C1C48A /* AppDetailColumn.swift in Sources */ = {isa = PBXBuildFile; fileRef = 782D63722AEBE4C200C1C48A /* AppDetailColumn.swift */; };
		782D63772AEBE4C200C1C48A /* AppScreen.swift in Sources */ = {isa = PBXBuildFile; fileRef = 782D63732AEBE4C200C1C48A /* AppScreen.swift */; };
		782D63782AEBE4C200C1C48A /* AppTabView.swift in Sources */ = {isa = PBXBuildFile; fileRef = 782D63742AEBE4C200C1C48A /* AppTabView.swift */; };
		782D637F2AEBE51400C1C48A /* TripView.swift in Sources */ = {isa = PBXBuildFile; fileRef = 782D637A2AEBE51400C1C48A /* TripView.swift */; };
		782D63802AEBE51400C1C48A /* SettingsView.swift in Sources */ = {isa = PBXBuildFile; fileRef = 782D637B2AEBE51400C1C48A /* SettingsView.swift */; };
		782D63812AEBE51400C1C48A /* StatisticsView.swift in Sources */ = {isa = PBXBuildFile; fileRef = 782D637C2AEBE51400C1C48A /* StatisticsView.swift */; };
		782D63822AEBE51400C1C48A /* PlacemarkView.swift in Sources */ = {isa = PBXBuildFile; fileRef = 782D637D2AEBE51400C1C48A /* PlacemarkView.swift */; };
		782D63832AEBE51400C1C48A /* StepView.swift in Sources */ = {isa = PBXBuildFile; fileRef = 782D637E2AEBE51400C1C48A /* StepView.swift */; };
		782D63852AEBEFEC00C1C48A /* Localizable.xcstrings in Resources */ = {isa = PBXBuildFile; fileRef = 782D63842AEBEFEC00C1C48A /* Localizable.xcstrings */; };
		784DE4FA2B3B5ACD00E1229B /* DynamicSafeAreaInset.swift in Sources */ = {isa = PBXBuildFile; fileRef = 784DE4F92B3B5ACD00E1229B /* DynamicSafeAreaInset.swift */; };
		784DE4FC2B3B610300E1229B /* StepScroll.swift in Sources */ = {isa = PBXBuildFile; fileRef = 784DE4FB2B3B610300E1229B /* StepScroll.swift */; };
		784DE4FE2B3B61C000E1229B /* StepOverviewCard.swift in Sources */ = {isa = PBXBuildFile; fileRef = 784DE4FD2B3B61C000E1229B /* StepOverviewCard.swift */; };
		784DE5002B3B679A00E1229B /* CustomDatePickerStyle.swift in Sources */ = {isa = PBXBuildFile; fileRef = 784DE4FF2B3B679A00E1229B /* CustomDatePickerStyle.swift */; };
		784DE5252B3F716E00E1229B /* SimpleHStack.swift in Sources */ = {isa = PBXBuildFile; fileRef = 784DE5242B3F716E00E1229B /* SimpleHStack.swift */; };
		784DE5272B40B09300E1229B /* NonGreedyScrollView.swift in Sources */ = {isa = PBXBuildFile; fileRef = 784DE5262B40B09300E1229B /* NonGreedyScrollView.swift */; };
		784DE5292B40B23A00E1229B /* EqualWidthHStack.swift in Sources */ = {isa = PBXBuildFile; fileRef = 784DE5282B40B23A00E1229B /* EqualWidthHStack.swift */; };
		785FDB1A2AFE7D2700B1BF0E /* View+Extension.swift in Sources */ = {isa = PBXBuildFile; fileRef = 785FDB192AFE7D2700B1BF0E /* View+Extension.swift */; };
		785FDB1C2B0166D200B1BF0E /* AddFirstStepCard.swift in Sources */ = {isa = PBXBuildFile; fileRef = 785FDB1B2B0166D200B1BF0E /* AddFirstStepCard.swift */; };
		785FDB1E2B01689F00B1BF0E /* StepCard.swift in Sources */ = {isa = PBXBuildFile; fileRef = 785FDB1D2B01689F00B1BF0E /* StepCard.swift */; };
		785FDB202B02712800B1BF0E /* TripSummaryCard.swift in Sources */ = {isa = PBXBuildFile; fileRef = 785FDB1F2B02712800B1BF0E /* TripSummaryCard.swift */; };
		785FDB222B02717600B1BF0E /* TripStatisticsCard.swift in Sources */ = {isa = PBXBuildFile; fileRef = 785FDB212B02717600B1BF0E /* TripStatisticsCard.swift */; };
		785FDB242B02734E00B1BF0E /* Step-SampleData.swift in Sources */ = {isa = PBXBuildFile; fileRef = 785FDB232B02734E00B1BF0E /* Step-SampleData.swift */; };
		785FDB292B02D09600B1BF0E /* LazyStack.swift in Sources */ = {isa = PBXBuildFile; fileRef = 785FDB282B02D09600B1BF0E /* LazyStack.swift */; };
		785FDB2B2B02DE6D00B1BF0E /* DynamicSafeAreaInsetModifier.swift in Sources */ = {isa = PBXBuildFile; fileRef = 785FDB2A2B02DE6D00B1BF0E /* DynamicSafeAreaInsetModifier.swift */; };
		78709C762AEC014100E53D1C /* Trip.swift in Sources */ = {isa = PBXBuildFile; fileRef = 78709C752AEC014100E53D1C /* Trip.swift */; };
		78709C782AEC020100E53D1C /* BaseTestCase.swift in Sources */ = {isa = PBXBuildFile; fileRef = 78709C772AEC020100E53D1C /* BaseTestCase.swift */; };
		78709C7A2AEC025C00E53D1C /* MockDataContainer.swift in Sources */ = {isa = PBXBuildFile; fileRef = 78709C792AEC025C00E53D1C /* MockDataContainer.swift */; };
		78709C7C2AEC02E700E53D1C /* Trip-SampleData.swift in Sources */ = {isa = PBXBuildFile; fileRef = 78709C7B2AEC02E700E53D1C /* Trip-SampleData.swift */; };
		78709C7F2AEC034000E53D1C /* Date+Extension.swift in Sources */ = {isa = PBXBuildFile; fileRef = 78709C7E2AEC034000E53D1C /* Date+Extension.swift */; };
		78709C812AEC038B00E53D1C /* DateExtensionTests.swift in Sources */ = {isa = PBXBuildFile; fileRef = 78709C802AEC038B00E53D1C /* DateExtensionTests.swift */; };
		78709C832AEC045000E53D1C /* TripTests.swift in Sources */ = {isa = PBXBuildFile; fileRef = 78709C822AEC045000E53D1C /* TripTests.swift */; };
		78709C852AEC04E600E53D1C /* String+Extension.swift in Sources */ = {isa = PBXBuildFile; fileRef = 78709C842AEC04E600E53D1C /* String+Extension.swift */; };
		78709C872AEC04F700E53D1C /* StringExtensionTests.swift in Sources */ = {isa = PBXBuildFile; fileRef = 78709C862AEC04F700E53D1C /* StringExtensionTests.swift */; };
		7870EC022AF28B7200080EE3 /* TripTests_Mac.swift in Sources */ = {isa = PBXBuildFile; fileRef = 7870EC012AF28B7200080EE3 /* TripTests_Mac.swift */; };
		7870EC032AF2900E00080EE3 /* String+Extension.swift in Sources */ = {isa = PBXBuildFile; fileRef = 78709C842AEC04E600E53D1C /* String+Extension.swift */; };
		7870EC042AF2900F00080EE3 /* String+Extension.swift in Sources */ = {isa = PBXBuildFile; fileRef = 78709C842AEC04E600E53D1C /* String+Extension.swift */; };
		7870EC052AF2901100080EE3 /* Date+Extension.swift in Sources */ = {isa = PBXBuildFile; fileRef = 78709C7E2AEC034000E53D1C /* Date+Extension.swift */; };
		7870EC062AF2901200080EE3 /* Date+Extension.swift in Sources */ = {isa = PBXBuildFile; fileRef = 78709C7E2AEC034000E53D1C /* Date+Extension.swift */; };
		7870EC082AF290E600080EE3 /* CalendarPicker.swift in Sources */ = {isa = PBXBuildFile; fileRef = 7870EC072AF290E600080EE3 /* CalendarPicker.swift */; platformFilter = ios; };
		7870EC0A2AF2913300080EE3 /* DateFormatter+Extension.swift in Sources */ = {isa = PBXBuildFile; fileRef = 7870EC092AF2913300080EE3 /* DateFormatter+Extension.swift */; };
		7870EC0B2AF2913A00080EE3 /* DateFormatter+Extension.swift in Sources */ = {isa = PBXBuildFile; fileRef = 7870EC092AF2913300080EE3 /* DateFormatter+Extension.swift */; };
		7870EC0C2AF2913A00080EE3 /* DateFormatter+Extension.swift in Sources */ = {isa = PBXBuildFile; fileRef = 7870EC092AF2913300080EE3 /* DateFormatter+Extension.swift */; };
		788732832B474DE90052E3C3 /* StepDetailViewTextEditor.swift in Sources */ = {isa = PBXBuildFile; fileRef = 788732822B474DE90052E3C3 /* StepDetailViewTextEditor.swift */; };
		788732852B481E730052E3C3 /* PhotoGrid.swift in Sources */ = {isa = PBXBuildFile; fileRef = 788732842B481E730052E3C3 /* PhotoGrid.swift */; };
		788732872B4820090052E3C3 /* StepInspector.swift in Sources */ = {isa = PBXBuildFile; fileRef = 788732862B4820090052E3C3 /* StepInspector.swift */; };
		78A41DDC2B2CB335007621BA /* ActivityScroll.swift in Sources */ = {isa = PBXBuildFile; fileRef = 78A41DDB2B2CB335007621BA /* ActivityScroll.swift */; };
		78C1B4992B49EA8700871158 /* ServicesTests.swift in Sources */ = {isa = PBXBuildFile; fileRef = 78C1B4982B49EA8700871158 /* ServicesTests.swift */; };
		78DAEB742AED168F004350D7 /* NavigationUITests_Mac.swift in Sources */ = {isa = PBXBuildFile; fileRef = 78DAEB732AED168F004350D7 /* NavigationUITests_Mac.swift */; };
		78DAEB762AED168F004350D7 /* FootprintsUITests_MacLaunchTests.swift in Sources */ = {isa = PBXBuildFile; fileRef = 78DAEB752AED168F004350D7 /* FootprintsUITests_MacLaunchTests.swift */; };
		78E507992B3AE7B80093D59C /* DynamicSafeAreaInsetOld.swift in Sources */ = {isa = PBXBuildFile; fileRef = 78E507982B3AE7B80093D59C /* DynamicSafeAreaInsetOld.swift */; };
		78E7C8A52AF042CB00450A0E /* TripDetailView.swift in Sources */ = {isa = PBXBuildFile; fileRef = 78E7C8A42AF042CB00450A0E /* TripDetailView.swift */; };
		78E7C8A72AF0440B00450A0E /* SampleContainer.swift in Sources */ = {isa = PBXBuildFile; fileRef = 78E7C8A62AF0440B00450A0E /* SampleContainer.swift */; };
		78E7C8A92AF045B100450A0E /* SampleDataGenerator.swift in Sources */ = {isa = PBXBuildFile; fileRef = 78E7C8A82AF045B100450A0E /* SampleDataGenerator.swift */; };
		78E7C8AB2AF0469300450A0E /* ModelPreview.swift in Sources */ = {isa = PBXBuildFile; fileRef = 78E7C8AA2AF0469300450A0E /* ModelPreview.swift */; };
		78F12A5B2B48613B00058ECA /* MapSearchService.swift in Sources */ = {isa = PBXBuildFile; fileRef = 78F12A5A2B48613B00058ECA /* MapSearchService.swift */; };
/* End PBXBuildFile section */

/* Begin PBXContainerItemProxy section */
		782D63432AEBDF0600C1C48A /* PBXContainerItemProxy */ = {
			isa = PBXContainerItemProxy;
			containerPortal = 782D63292AEBDF0500C1C48A /* Project object */;
			proxyType = 1;
			remoteGlobalIDString = 782D63302AEBDF0500C1C48A;
			remoteInfo = Footprints;
		};
		782D634D2AEBDF0600C1C48A /* PBXContainerItemProxy */ = {
			isa = PBXContainerItemProxy;
			containerPortal = 782D63292AEBDF0500C1C48A /* Project object */;
			proxyType = 1;
			remoteGlobalIDString = 782D63302AEBDF0500C1C48A;
			remoteInfo = Footprints;
		};
		78DAEB772AED168F004350D7 /* PBXContainerItemProxy */ = {
			isa = PBXContainerItemProxy;
			containerPortal = 782D63292AEBDF0500C1C48A /* Project object */;
			proxyType = 1;
			remoteGlobalIDString = 782D63302AEBDF0500C1C48A;
			remoteInfo = Footprints;
		};
/* End PBXContainerItemProxy section */

/* Begin PBXFileReference section */
		7804E4432AF3E60F00C5E0CC /* StepDetailView.swift */ = {isa = PBXFileReference; lastKnownFileType = sourcecode.swift; path = StepDetailView.swift; sourceTree = "<group>"; };
		7804E4452AF3E75400C5E0CC /* Step.swift */ = {isa = PBXFileReference; lastKnownFileType = sourcecode.swift; path = Step.swift; sourceTree = "<group>"; };
		7812C6CA2B038107000BF5A4 /* TestView.swift */ = {isa = PBXFileReference; lastKnownFileType = sourcecode.swift; path = TestView.swift; sourceTree = "<group>"; };
		781448EB2AEC3C6200090E89 /* TripTests.swift */ = {isa = PBXFileReference; lastKnownFileType = sourcecode.swift; path = TripTests.swift; sourceTree = "<group>"; };
		781448ED2AEC3D7200090E89 /* AddTripView.swift */ = {isa = PBXFileReference; lastKnownFileType = sourcecode.swift; path = AddTripView.swift; sourceTree = "<group>"; };
		782D63312AEBDF0500C1C48A /* Footprints.app */ = {isa = PBXFileReference; explicitFileType = wrapper.application; includeInIndex = 0; path = Footprints.app; sourceTree = BUILT_PRODUCTS_DIR; };
		782D63342AEBDF0500C1C48A /* FootprintsApp.swift */ = {isa = PBXFileReference; lastKnownFileType = sourcecode.swift; path = FootprintsApp.swift; sourceTree = "<group>"; };
		782D63362AEBDF0500C1C48A /* ContentView.swift */ = {isa = PBXFileReference; lastKnownFileType = sourcecode.swift; path = ContentView.swift; sourceTree = "<group>"; };
		782D63382AEBDF0600C1C48A /* Assets.xcassets */ = {isa = PBXFileReference; lastKnownFileType = folder.assetcatalog; path = Assets.xcassets; sourceTree = "<group>"; };
		782D633A2AEBDF0600C1C48A /* Footprints.entitlements */ = {isa = PBXFileReference; lastKnownFileType = text.plist.entitlements; path = Footprints.entitlements; sourceTree = "<group>"; };
		782D633C2AEBDF0600C1C48A /* Preview Assets.xcassets */ = {isa = PBXFileReference; lastKnownFileType = folder.assetcatalog; path = "Preview Assets.xcassets"; sourceTree = "<group>"; };
		782D63422AEBDF0600C1C48A /* FootprintsTests.xctest */ = {isa = PBXFileReference; explicitFileType = wrapper.cfbundle; includeInIndex = 0; path = FootprintsTests.xctest; sourceTree = BUILT_PRODUCTS_DIR; };
		782D63462AEBDF0600C1C48A /* EnvironmentalValuesExtensionTests.swift */ = {isa = PBXFileReference; lastKnownFileType = sourcecode.swift; path = EnvironmentalValuesExtensionTests.swift; sourceTree = "<group>"; };
		782D634C2AEBDF0600C1C48A /* FootprintsUITests.xctest */ = {isa = PBXFileReference; explicitFileType = wrapper.cfbundle; includeInIndex = 0; path = FootprintsUITests.xctest; sourceTree = BUILT_PRODUCTS_DIR; };
		782D63502AEBDF0600C1C48A /* NavigationUITests.swift */ = {isa = PBXFileReference; lastKnownFileType = sourcecode.swift; path = NavigationUITests.swift; sourceTree = "<group>"; };
		782D63522AEBDF0600C1C48A /* FootprintsUITestsLaunchTests.swift */ = {isa = PBXFileReference; lastKnownFileType = sourcecode.swift; path = FootprintsUITestsLaunchTests.swift; sourceTree = "<group>"; };
		782D635F2AEBE19100C1C48A /* EnvironmentalValues+Extension.swift */ = {isa = PBXFileReference; lastKnownFileType = sourcecode.swift; path = "EnvironmentalValues+Extension.swift"; sourceTree = "<group>"; };
		782D63712AEBE4C100C1C48A /* AppSidebarList.swift */ = {isa = PBXFileReference; fileEncoding = 4; lastKnownFileType = sourcecode.swift; path = AppSidebarList.swift; sourceTree = "<group>"; };
		782D63722AEBE4C200C1C48A /* AppDetailColumn.swift */ = {isa = PBXFileReference; fileEncoding = 4; lastKnownFileType = sourcecode.swift; path = AppDetailColumn.swift; sourceTree = "<group>"; };
		782D63732AEBE4C200C1C48A /* AppScreen.swift */ = {isa = PBXFileReference; fileEncoding = 4; lastKnownFileType = sourcecode.swift; path = AppScreen.swift; sourceTree = "<group>"; };
		782D63742AEBE4C200C1C48A /* AppTabView.swift */ = {isa = PBXFileReference; fileEncoding = 4; lastKnownFileType = sourcecode.swift; path = AppTabView.swift; sourceTree = "<group>"; };
		782D637A2AEBE51400C1C48A /* TripView.swift */ = {isa = PBXFileReference; fileEncoding = 4; lastKnownFileType = sourcecode.swift; path = TripView.swift; sourceTree = "<group>"; };
		782D637B2AEBE51400C1C48A /* SettingsView.swift */ = {isa = PBXFileReference; fileEncoding = 4; lastKnownFileType = sourcecode.swift; path = SettingsView.swift; sourceTree = "<group>"; };
		782D637C2AEBE51400C1C48A /* StatisticsView.swift */ = {isa = PBXFileReference; fileEncoding = 4; lastKnownFileType = sourcecode.swift; path = StatisticsView.swift; sourceTree = "<group>"; };
		782D637D2AEBE51400C1C48A /* PlacemarkView.swift */ = {isa = PBXFileReference; fileEncoding = 4; lastKnownFileType = sourcecode.swift; path = PlacemarkView.swift; sourceTree = "<group>"; };
		782D637E2AEBE51400C1C48A /* StepView.swift */ = {isa = PBXFileReference; fileEncoding = 4; lastKnownFileType = sourcecode.swift; path = StepView.swift; sourceTree = "<group>"; };
		782D63842AEBEFEC00C1C48A /* Localizable.xcstrings */ = {isa = PBXFileReference; lastKnownFileType = text.json.xcstrings; path = Localizable.xcstrings; sourceTree = "<group>"; };
		784DE4F92B3B5ACD00E1229B /* DynamicSafeAreaInset.swift */ = {isa = PBXFileReference; lastKnownFileType = sourcecode.swift; path = DynamicSafeAreaInset.swift; sourceTree = "<group>"; };
		784DE4FB2B3B610300E1229B /* StepScroll.swift */ = {isa = PBXFileReference; lastKnownFileType = sourcecode.swift; path = StepScroll.swift; sourceTree = "<group>"; };
		784DE4FD2B3B61C000E1229B /* StepOverviewCard.swift */ = {isa = PBXFileReference; lastKnownFileType = sourcecode.swift; path = StepOverviewCard.swift; sourceTree = "<group>"; };
		784DE4FF2B3B679A00E1229B /* CustomDatePickerStyle.swift */ = {isa = PBXFileReference; lastKnownFileType = sourcecode.swift; path = CustomDatePickerStyle.swift; sourceTree = "<group>"; };
		784DE5242B3F716E00E1229B /* SimpleHStack.swift */ = {isa = PBXFileReference; lastKnownFileType = sourcecode.swift; path = SimpleHStack.swift; sourceTree = "<group>"; };
		784DE5262B40B09300E1229B /* NonGreedyScrollView.swift */ = {isa = PBXFileReference; lastKnownFileType = sourcecode.swift; path = NonGreedyScrollView.swift; sourceTree = "<group>"; };
		784DE5282B40B23A00E1229B /* EqualWidthHStack.swift */ = {isa = PBXFileReference; lastKnownFileType = sourcecode.swift; path = EqualWidthHStack.swift; sourceTree = "<group>"; };
		785FDB192AFE7D2700B1BF0E /* View+Extension.swift */ = {isa = PBXFileReference; lastKnownFileType = sourcecode.swift; path = "View+Extension.swift"; sourceTree = "<group>"; };
		785FDB1B2B0166D200B1BF0E /* AddFirstStepCard.swift */ = {isa = PBXFileReference; lastKnownFileType = sourcecode.swift; path = AddFirstStepCard.swift; sourceTree = "<group>"; };
		785FDB1D2B01689F00B1BF0E /* StepCard.swift */ = {isa = PBXFileReference; lastKnownFileType = sourcecode.swift; path = StepCard.swift; sourceTree = "<group>"; };
		785FDB1F2B02712800B1BF0E /* TripSummaryCard.swift */ = {isa = PBXFileReference; lastKnownFileType = sourcecode.swift; path = TripSummaryCard.swift; sourceTree = "<group>"; };
		785FDB212B02717600B1BF0E /* TripStatisticsCard.swift */ = {isa = PBXFileReference; lastKnownFileType = sourcecode.swift; path = TripStatisticsCard.swift; sourceTree = "<group>"; };
		785FDB232B02734E00B1BF0E /* Step-SampleData.swift */ = {isa = PBXFileReference; lastKnownFileType = sourcecode.swift; path = "Step-SampleData.swift"; sourceTree = "<group>"; };
		785FDB282B02D09600B1BF0E /* LazyStack.swift */ = {isa = PBXFileReference; lastKnownFileType = sourcecode.swift; path = LazyStack.swift; sourceTree = "<group>"; };
		785FDB2A2B02DE6D00B1BF0E /* DynamicSafeAreaInsetModifier.swift */ = {isa = PBXFileReference; lastKnownFileType = sourcecode.swift; path = DynamicSafeAreaInsetModifier.swift; sourceTree = "<group>"; };
		78709C752AEC014100E53D1C /* Trip.swift */ = {isa = PBXFileReference; lastKnownFileType = sourcecode.swift; path = Trip.swift; sourceTree = "<group>"; };
		78709C772AEC020100E53D1C /* BaseTestCase.swift */ = {isa = PBXFileReference; lastKnownFileType = sourcecode.swift; path = BaseTestCase.swift; sourceTree = "<group>"; };
		78709C792AEC025C00E53D1C /* MockDataContainer.swift */ = {isa = PBXFileReference; lastKnownFileType = sourcecode.swift; path = MockDataContainer.swift; sourceTree = "<group>"; };
		78709C7B2AEC02E700E53D1C /* Trip-SampleData.swift */ = {isa = PBXFileReference; lastKnownFileType = sourcecode.swift; path = "Trip-SampleData.swift"; sourceTree = "<group>"; };
		78709C7E2AEC034000E53D1C /* Date+Extension.swift */ = {isa = PBXFileReference; fileEncoding = 4; lastKnownFileType = sourcecode.swift; path = "Date+Extension.swift"; sourceTree = "<group>"; };
		78709C802AEC038B00E53D1C /* DateExtensionTests.swift */ = {isa = PBXFileReference; fileEncoding = 4; lastKnownFileType = sourcecode.swift; path = DateExtensionTests.swift; sourceTree = "<group>"; };
		78709C822AEC045000E53D1C /* TripTests.swift */ = {isa = PBXFileReference; lastKnownFileType = sourcecode.swift; path = TripTests.swift; sourceTree = "<group>"; };
		78709C842AEC04E600E53D1C /* String+Extension.swift */ = {isa = PBXFileReference; fileEncoding = 4; lastKnownFileType = sourcecode.swift; path = "String+Extension.swift"; sourceTree = "<group>"; };
		78709C862AEC04F700E53D1C /* StringExtensionTests.swift */ = {isa = PBXFileReference; fileEncoding = 4; lastKnownFileType = sourcecode.swift; path = StringExtensionTests.swift; sourceTree = "<group>"; };
		7870EC012AF28B7200080EE3 /* TripTests_Mac.swift */ = {isa = PBXFileReference; lastKnownFileType = sourcecode.swift; path = TripTests_Mac.swift; sourceTree = "<group>"; };
		7870EC072AF290E600080EE3 /* CalendarPicker.swift */ = {isa = PBXFileReference; lastKnownFileType = sourcecode.swift; path = CalendarPicker.swift; sourceTree = "<group>"; };
		7870EC092AF2913300080EE3 /* DateFormatter+Extension.swift */ = {isa = PBXFileReference; fileEncoding = 4; lastKnownFileType = sourcecode.swift; path = "DateFormatter+Extension.swift"; sourceTree = "<group>"; };
		788732822B474DE90052E3C3 /* StepDetailViewTextEditor.swift */ = {isa = PBXFileReference; lastKnownFileType = sourcecode.swift; path = StepDetailViewTextEditor.swift; sourceTree = "<group>"; };
		788732842B481E730052E3C3 /* PhotoGrid.swift */ = {isa = PBXFileReference; lastKnownFileType = sourcecode.swift; path = PhotoGrid.swift; sourceTree = "<group>"; };
		788732862B4820090052E3C3 /* StepInspector.swift */ = {isa = PBXFileReference; lastKnownFileType = sourcecode.swift; path = StepInspector.swift; sourceTree = "<group>"; };
		78A41DDB2B2CB335007621BA /* ActivityScroll.swift */ = {isa = PBXFileReference; lastKnownFileType = sourcecode.swift; path = ActivityScroll.swift; sourceTree = "<group>"; };
		78C1B4982B49EA8700871158 /* ServicesTests.swift */ = {isa = PBXFileReference; lastKnownFileType = sourcecode.swift; path = ServicesTests.swift; sourceTree = "<group>"; };
		78DAEB712AED168F004350D7 /* FootprintsUITests-Mac.xctest */ = {isa = PBXFileReference; explicitFileType = wrapper.cfbundle; includeInIndex = 0; path = "FootprintsUITests-Mac.xctest"; sourceTree = BUILT_PRODUCTS_DIR; };
		78DAEB732AED168F004350D7 /* NavigationUITests_Mac.swift */ = {isa = PBXFileReference; lastKnownFileType = sourcecode.swift; path = NavigationUITests_Mac.swift; sourceTree = "<group>"; };
		78DAEB752AED168F004350D7 /* FootprintsUITests_MacLaunchTests.swift */ = {isa = PBXFileReference; lastKnownFileType = sourcecode.swift; path = FootprintsUITests_MacLaunchTests.swift; sourceTree = "<group>"; };
		78DAEB7C2AED17A0004350D7 /* TestPlan (macOS).xctestplan */ = {isa = PBXFileReference; lastKnownFileType = text; path = "TestPlan (macOS).xctestplan"; sourceTree = "<group>"; };
		78DAEB7D2AED17BF004350D7 /* TestPlan (iOS).xctestplan */ = {isa = PBXFileReference; lastKnownFileType = text; path = "TestPlan (iOS).xctestplan"; sourceTree = "<group>"; };
		78E507982B3AE7B80093D59C /* DynamicSafeAreaInsetOld.swift */ = {isa = PBXFileReference; lastKnownFileType = sourcecode.swift; path = DynamicSafeAreaInsetOld.swift; sourceTree = "<group>"; };
		78E7C8A42AF042CB00450A0E /* TripDetailView.swift */ = {isa = PBXFileReference; lastKnownFileType = sourcecode.swift; path = TripDetailView.swift; sourceTree = "<group>"; };
		78E7C8A62AF0440B00450A0E /* SampleContainer.swift */ = {isa = PBXFileReference; lastKnownFileType = sourcecode.swift; path = SampleContainer.swift; sourceTree = "<group>"; };
		78E7C8A82AF045B100450A0E /* SampleDataGenerator.swift */ = {isa = PBXFileReference; lastKnownFileType = sourcecode.swift; path = SampleDataGenerator.swift; sourceTree = "<group>"; };
		78E7C8AA2AF0469300450A0E /* ModelPreview.swift */ = {isa = PBXFileReference; lastKnownFileType = sourcecode.swift; path = ModelPreview.swift; sourceTree = "<group>"; };
		78F12A5A2B48613B00058ECA /* MapSearchService.swift */ = {isa = PBXFileReference; lastKnownFileType = sourcecode.swift; path = MapSearchService.swift; sourceTree = "<group>"; };
/* End PBXFileReference section */

/* Begin PBXFrameworksBuildPhase section */
		782D632E2AEBDF0500C1C48A /* Frameworks */ = {
			isa = PBXFrameworksBuildPhase;
			buildActionMask = 2147483647;
			files = (
			);
			runOnlyForDeploymentPostprocessing = 0;
		};
		782D633F2AEBDF0600C1C48A /* Frameworks */ = {
			isa = PBXFrameworksBuildPhase;
			buildActionMask = 2147483647;
			files = (
			);
			runOnlyForDeploymentPostprocessing = 0;
		};
		782D63492AEBDF0600C1C48A /* Frameworks */ = {
			isa = PBXFrameworksBuildPhase;
			buildActionMask = 2147483647;
			files = (
			);
			runOnlyForDeploymentPostprocessing = 0;
		};
		78DAEB6E2AED168F004350D7 /* Frameworks */ = {
			isa = PBXFrameworksBuildPhase;
			buildActionMask = 2147483647;
			files = (
			);
			runOnlyForDeploymentPostprocessing = 0;
		};
/* End PBXFrameworksBuildPhase section */

/* Begin PBXGroup section */
		782D63282AEBDF0500C1C48A = {
			isa = PBXGroup;
			children = (
				78DAEB7D2AED17BF004350D7 /* TestPlan (iOS).xctestplan */,
				78DAEB7C2AED17A0004350D7 /* TestPlan (macOS).xctestplan */,
				782D63332AEBDF0500C1C48A /* Footprints */,
				782D63452AEBDF0600C1C48A /* FootprintsTests */,
				782D634F2AEBDF0600C1C48A /* FootprintsUITests */,
				78DAEB722AED168F004350D7 /* FootprintsUITests-Mac */,
				782D63322AEBDF0500C1C48A /* Products */,
			);
			sourceTree = "<group>";
		};
		782D63322AEBDF0500C1C48A /* Products */ = {
			isa = PBXGroup;
			children = (
				782D63312AEBDF0500C1C48A /* Footprints.app */,
				782D63422AEBDF0600C1C48A /* FootprintsTests.xctest */,
				782D634C2AEBDF0600C1C48A /* FootprintsUITests.xctest */,
				78DAEB712AED168F004350D7 /* FootprintsUITests-Mac.xctest */,
			);
			name = Products;
			sourceTree = "<group>";
		};
		782D63332AEBDF0500C1C48A /* Footprints */ = {
			isa = PBXGroup;
			children = (
				78F12A592B48612800058ECA /* Services */,
				782D63342AEBDF0500C1C48A /* FootprintsApp.swift */,
				782D63362AEBDF0500C1C48A /* ContentView.swift */,
				782D637D2AEBE51400C1C48A /* PlacemarkView.swift */,
				782D637B2AEBE51400C1C48A /* SettingsView.swift */,
				782D637C2AEBE51400C1C48A /* StatisticsView.swift */,
				782D637E2AEBE51400C1C48A /* StepView.swift */,
				782D63792AEBE4C700C1C48A /* Navigation */,
				785FC2E92AEBF916004F32BF /* Trips */,
				784DE5232B3F714E00E1229B /* CustomContainers */,
				785FDB252B02D01300B1BF0E /* Activity */,
				782D63612AEBE1B300C1C48A /* Extensions */,
				782D63382AEBDF0600C1C48A /* Assets.xcassets */,
				782D633A2AEBDF0600C1C48A /* Footprints.entitlements */,
				782D63842AEBEFEC00C1C48A /* Localizable.xcstrings */,
				78709C7D2AEC02EC00E53D1C /* Sample Data */,
				782D633B2AEBDF0600C1C48A /* Preview Content */,
			);
			path = Footprints;
			sourceTree = "<group>";
		};
		782D633B2AEBDF0600C1C48A /* Preview Content */ = {
			isa = PBXGroup;
			children = (
				782D633C2AEBDF0600C1C48A /* Preview Assets.xcassets */,
			);
			path = "Preview Content";
			sourceTree = "<group>";
		};
		782D63452AEBDF0600C1C48A /* FootprintsTests */ = {
			isa = PBXGroup;
			children = (
				78709C802AEC038B00E53D1C /* DateExtensionTests.swift */,
				78709C862AEC04F700E53D1C /* StringExtensionTests.swift */,
				78709C822AEC045000E53D1C /* TripTests.swift */,
				78C1B4982B49EA8700871158 /* ServicesTests.swift */,
				782D63462AEBDF0600C1C48A /* EnvironmentalValuesExtensionTests.swift */,
				78709C772AEC020100E53D1C /* BaseTestCase.swift */,
				78709C792AEC025C00E53D1C /* MockDataContainer.swift */,
			);
			path = FootprintsTests;
			sourceTree = "<group>";
		};
		782D634F2AEBDF0600C1C48A /* FootprintsUITests */ = {
			isa = PBXGroup;
			children = (
				782D63502AEBDF0600C1C48A /* NavigationUITests.swift */,
				781448EB2AEC3C6200090E89 /* TripTests.swift */,
				7870EC072AF290E600080EE3 /* CalendarPicker.swift */,
				782D63522AEBDF0600C1C48A /* FootprintsUITestsLaunchTests.swift */,
			);
			path = FootprintsUITests;
			sourceTree = "<group>";
		};
		782D63612AEBE1B300C1C48A /* Extensions */ = {
			isa = PBXGroup;
			children = (
				7870EC092AF2913300080EE3 /* DateFormatter+Extension.swift */,
				78709C842AEC04E600E53D1C /* String+Extension.swift */,
				78709C7E2AEC034000E53D1C /* Date+Extension.swift */,
				782D635F2AEBE19100C1C48A /* EnvironmentalValues+Extension.swift */,
				785FDB192AFE7D2700B1BF0E /* View+Extension.swift */,
				785FDB2A2B02DE6D00B1BF0E /* DynamicSafeAreaInsetModifier.swift */,
				7812C6CA2B038107000BF5A4 /* TestView.swift */,
				784DE4FF2B3B679A00E1229B /* CustomDatePickerStyle.swift */,
			);
			path = Extensions;
			sourceTree = "<group>";
		};
		782D63792AEBE4C700C1C48A /* Navigation */ = {
			isa = PBXGroup;
			children = (
				782D63732AEBE4C200C1C48A /* AppScreen.swift */,
				782D63712AEBE4C100C1C48A /* AppSidebarList.swift */,
				782D63722AEBE4C200C1C48A /* AppDetailColumn.swift */,
				782D63742AEBE4C200C1C48A /* AppTabView.swift */,
			);
			path = Navigation;
			sourceTree = "<group>";
		};
		784DE5232B3F714E00E1229B /* CustomContainers */ = {
			isa = PBXGroup;
			children = (
				785FDB282B02D09600B1BF0E /* LazyStack.swift */,
				784DE5242B3F716E00E1229B /* SimpleHStack.swift */,
				784DE5262B40B09300E1229B /* NonGreedyScrollView.swift */,
				784DE5282B40B23A00E1229B /* EqualWidthHStack.swift */,
			);
			path = CustomContainers;
			sourceTree = "<group>";
		};
		785FC2E92AEBF916004F32BF /* Trips */ = {
			isa = PBXGroup;
			children = (
				782D637A2AEBE51400C1C48A /* TripView.swift */,
				781448ED2AEC3D7200090E89 /* AddTripView.swift */,
				78E7C8A42AF042CB00450A0E /* TripDetailView.swift */,
				7804E4432AF3E60F00C5E0CC /* StepDetailView.swift */,
				788732862B4820090052E3C3 /* StepInspector.swift */,
				788732842B481E730052E3C3 /* PhotoGrid.swift */,
				788732822B474DE90052E3C3 /* StepDetailViewTextEditor.swift */,
				78709C752AEC014100E53D1C /* Trip.swift */,
				7804E4452AF3E75400C5E0CC /* Step.swift */,
			);
			path = Trips;
			sourceTree = "<group>";
		};
		785FDB252B02D01300B1BF0E /* Activity */ = {
			isa = PBXGroup;
			children = (
				78A41DDB2B2CB335007621BA /* ActivityScroll.swift */,
				784DE4F92B3B5ACD00E1229B /* DynamicSafeAreaInset.swift */,
				78E507982B3AE7B80093D59C /* DynamicSafeAreaInsetOld.swift */,
				785FDB1F2B02712800B1BF0E /* TripSummaryCard.swift */,
				785FDB212B02717600B1BF0E /* TripStatisticsCard.swift */,
				785FDB1B2B0166D200B1BF0E /* AddFirstStepCard.swift */,
				785FDB1D2B01689F00B1BF0E /* StepCard.swift */,
				784DE4FB2B3B610300E1229B /* StepScroll.swift */,
				784DE4FD2B3B61C000E1229B /* StepOverviewCard.swift */,
			);
			path = Activity;
			sourceTree = "<group>";
		};
		78709C7D2AEC02EC00E53D1C /* Sample Data */ = {
			isa = PBXGroup;
			children = (
				78709C7B2AEC02E700E53D1C /* Trip-SampleData.swift */,
				785FDB232B02734E00B1BF0E /* Step-SampleData.swift */,
				78E7C8A62AF0440B00450A0E /* SampleContainer.swift */,
				78E7C8AA2AF0469300450A0E /* ModelPreview.swift */,
				78E7C8A82AF045B100450A0E /* SampleDataGenerator.swift */,
			);
			path = "Sample Data";
			sourceTree = "<group>";
		};
		78DAEB722AED168F004350D7 /* FootprintsUITests-Mac */ = {
			isa = PBXGroup;
			children = (
				78DAEB732AED168F004350D7 /* NavigationUITests_Mac.swift */,
				7870EC012AF28B7200080EE3 /* TripTests_Mac.swift */,
				78DAEB752AED168F004350D7 /* FootprintsUITests_MacLaunchTests.swift */,
			);
			path = "FootprintsUITests-Mac";
			sourceTree = "<group>";
		};
		78F12A592B48612800058ECA /* Services */ = {
			isa = PBXGroup;
			children = (
				78F12A5A2B48613B00058ECA /* MapSearchService.swift */,
			);
			path = Services;
			sourceTree = "<group>";
		};
/* End PBXGroup section */

/* Begin PBXNativeTarget section */
		782D63302AEBDF0500C1C48A /* Footprints */ = {
			isa = PBXNativeTarget;
			buildConfigurationList = 782D63562AEBDF0600C1C48A /* Build configuration list for PBXNativeTarget "Footprints" */;
			buildPhases = (
				782D632D2AEBDF0500C1C48A /* Sources */,
				782D632E2AEBDF0500C1C48A /* Frameworks */,
				782D632F2AEBDF0500C1C48A /* Resources */,
			);
			buildRules = (
			);
			dependencies = (
			);
			name = Footprints;
			productName = Footprints;
			productReference = 782D63312AEBDF0500C1C48A /* Footprints.app */;
			productType = "com.apple.product-type.application";
		};
		782D63412AEBDF0600C1C48A /* FootprintsTests */ = {
			isa = PBXNativeTarget;
			buildConfigurationList = 782D63592AEBDF0600C1C48A /* Build configuration list for PBXNativeTarget "FootprintsTests" */;
			buildPhases = (
				782D633E2AEBDF0600C1C48A /* Sources */,
				782D633F2AEBDF0600C1C48A /* Frameworks */,
				782D63402AEBDF0600C1C48A /* Resources */,
			);
			buildRules = (
			);
			dependencies = (
				782D63442AEBDF0600C1C48A /* PBXTargetDependency */,
			);
			name = FootprintsTests;
			productName = FootprintsTests;
			productReference = 782D63422AEBDF0600C1C48A /* FootprintsTests.xctest */;
			productType = "com.apple.product-type.bundle.unit-test";
		};
		782D634B2AEBDF0600C1C48A /* FootprintsUITests */ = {
			isa = PBXNativeTarget;
			buildConfigurationList = 782D635C2AEBDF0600C1C48A /* Build configuration list for PBXNativeTarget "FootprintsUITests" */;
			buildPhases = (
				782D63482AEBDF0600C1C48A /* Sources */,
				782D63492AEBDF0600C1C48A /* Frameworks */,
				782D634A2AEBDF0600C1C48A /* Resources */,
			);
			buildRules = (
			);
			dependencies = (
				782D634E2AEBDF0600C1C48A /* PBXTargetDependency */,
			);
			name = FootprintsUITests;
			productName = FootprintsUITests;
			productReference = 782D634C2AEBDF0600C1C48A /* FootprintsUITests.xctest */;
			productType = "com.apple.product-type.bundle.ui-testing";
		};
		78DAEB702AED168F004350D7 /* FootprintsUITests-Mac */ = {
			isa = PBXNativeTarget;
			buildConfigurationList = 78DAEB7B2AED168F004350D7 /* Build configuration list for PBXNativeTarget "FootprintsUITests-Mac" */;
			buildPhases = (
				78DAEB6D2AED168F004350D7 /* Sources */,
				78DAEB6E2AED168F004350D7 /* Frameworks */,
				78DAEB6F2AED168F004350D7 /* Resources */,
			);
			buildRules = (
			);
			dependencies = (
				78DAEB782AED168F004350D7 /* PBXTargetDependency */,
			);
			name = "FootprintsUITests-Mac";
			productName = "FootprintsUITests-Mac";
			productReference = 78DAEB712AED168F004350D7 /* FootprintsUITests-Mac.xctest */;
			productType = "com.apple.product-type.bundle.ui-testing";
		};
/* End PBXNativeTarget section */

/* Begin PBXProject section */
		782D63292AEBDF0500C1C48A /* Project object */ = {
			isa = PBXProject;
			attributes = {
				BuildIndependentTargetsInParallel = 1;
				LastSwiftUpdateCheck = 1500;
				LastUpgradeCheck = 1500;
				TargetAttributes = {
					782D63302AEBDF0500C1C48A = {
						CreatedOnToolsVersion = 15.0.1;
					};
					782D63412AEBDF0600C1C48A = {
						CreatedOnToolsVersion = 15.0.1;
						TestTargetID = 782D63302AEBDF0500C1C48A;
					};
					782D634B2AEBDF0600C1C48A = {
						CreatedOnToolsVersion = 15.0.1;
						TestTargetID = 782D63302AEBDF0500C1C48A;
					};
					78DAEB702AED168F004350D7 = {
						CreatedOnToolsVersion = 15.0.1;
						TestTargetID = 782D63302AEBDF0500C1C48A;
					};
				};
			};
			buildConfigurationList = 782D632C2AEBDF0500C1C48A /* Build configuration list for PBXProject "Footprints" */;
			compatibilityVersion = "Xcode 14.0";
			developmentRegion = en;
			hasScannedForEncodings = 0;
			knownRegions = (
				en,
				Base,
			);
			mainGroup = 782D63282AEBDF0500C1C48A;
			productRefGroup = 782D63322AEBDF0500C1C48A /* Products */;
			projectDirPath = "";
			projectRoot = "";
			targets = (
				782D63302AEBDF0500C1C48A /* Footprints */,
				782D63412AEBDF0600C1C48A /* FootprintsTests */,
				782D634B2AEBDF0600C1C48A /* FootprintsUITests */,
				78DAEB702AED168F004350D7 /* FootprintsUITests-Mac */,
			);
		};
/* End PBXProject section */

/* Begin PBXResourcesBuildPhase section */
		782D632F2AEBDF0500C1C48A /* Resources */ = {
			isa = PBXResourcesBuildPhase;
			buildActionMask = 2147483647;
			files = (
				782D633D2AEBDF0600C1C48A /* Preview Assets.xcassets in Resources */,
				782D63392AEBDF0600C1C48A /* Assets.xcassets in Resources */,
				782D63852AEBEFEC00C1C48A /* Localizable.xcstrings in Resources */,
			);
			runOnlyForDeploymentPostprocessing = 0;
		};
		782D63402AEBDF0600C1C48A /* Resources */ = {
			isa = PBXResourcesBuildPhase;
			buildActionMask = 2147483647;
			files = (
			);
			runOnlyForDeploymentPostprocessing = 0;
		};
		782D634A2AEBDF0600C1C48A /* Resources */ = {
			isa = PBXResourcesBuildPhase;
			buildActionMask = 2147483647;
			files = (
			);
			runOnlyForDeploymentPostprocessing = 0;
		};
		78DAEB6F2AED168F004350D7 /* Resources */ = {
			isa = PBXResourcesBuildPhase;
			buildActionMask = 2147483647;
			files = (
			);
			runOnlyForDeploymentPostprocessing = 0;
		};
/* End PBXResourcesBuildPhase section */

/* Begin PBXSourcesBuildPhase section */
		782D632D2AEBDF0500C1C48A /* Sources */ = {
			isa = PBXSourcesBuildPhase;
			buildActionMask = 2147483647;
			files = (
				784DE4FA2B3B5ACD00E1229B /* DynamicSafeAreaInset.swift in Sources */,
				78709C852AEC04E600E53D1C /* String+Extension.swift in Sources */,
				7804E4442AF3E60F00C5E0CC /* StepDetailView.swift in Sources */,
				788732872B4820090052E3C3 /* StepInspector.swift in Sources */,
				784DE4FC2B3B610300E1229B /* StepScroll.swift in Sources */,
				782D63762AEBE4C200C1C48A /* AppDetailColumn.swift in Sources */,
				785FDB292B02D09600B1BF0E /* LazyStack.swift in Sources */,
				78E7C8A52AF042CB00450A0E /* TripDetailView.swift in Sources */,
				784DE5272B40B09300E1229B /* NonGreedyScrollView.swift in Sources */,
				78E7C8A92AF045B100450A0E /* SampleDataGenerator.swift in Sources */,
				782D63812AEBE51400C1C48A /* StatisticsView.swift in Sources */,
				782D63822AEBE51400C1C48A /* PlacemarkView.swift in Sources */,
				7804E4462AF3E75400C5E0CC /* Step.swift in Sources */,
				782D63372AEBDF0500C1C48A /* ContentView.swift in Sources */,
				781448EE2AEC3D7200090E89 /* AddTripView.swift in Sources */,
				78709C7C2AEC02E700E53D1C /* Trip-SampleData.swift in Sources */,
				78709C7F2AEC034000E53D1C /* Date+Extension.swift in Sources */,
				782D63602AEBE19100C1C48A /* EnvironmentalValues+Extension.swift in Sources */,
				78F12A5B2B48613B00058ECA /* MapSearchService.swift in Sources */,
				784DE4FE2B3B61C000E1229B /* StepOverviewCard.swift in Sources */,
				782D63802AEBE51400C1C48A /* SettingsView.swift in Sources */,
				784DE5292B40B23A00E1229B /* EqualWidthHStack.swift in Sources */,
				788732832B474DE90052E3C3 /* StepDetailViewTextEditor.swift in Sources */,
				782D637F2AEBE51400C1C48A /* TripView.swift in Sources */,
				78709C762AEC014100E53D1C /* Trip.swift in Sources */,
				782D63752AEBE4C200C1C48A /* AppSidebarList.swift in Sources */,
				784DE5252B3F716E00E1229B /* SimpleHStack.swift in Sources */,
				785FDB2B2B02DE6D00B1BF0E /* DynamicSafeAreaInsetModifier.swift in Sources */,
				788732852B481E730052E3C3 /* PhotoGrid.swift in Sources */,
				782D63832AEBE51400C1C48A /* StepView.swift in Sources */,
				782D63782AEBE4C200C1C48A /* AppTabView.swift in Sources */,
				78E507992B3AE7B80093D59C /* DynamicSafeAreaInsetOld.swift in Sources */,
				78E7C8AB2AF0469300450A0E /* ModelPreview.swift in Sources */,
				785FDB242B02734E00B1BF0E /* Step-SampleData.swift in Sources */,
				784DE5002B3B679A00E1229B /* CustomDatePickerStyle.swift in Sources */,
				7812C6CB2B038107000BF5A4 /* TestView.swift in Sources */,
				785FDB222B02717600B1BF0E /* TripStatisticsCard.swift in Sources */,
				785FDB202B02712800B1BF0E /* TripSummaryCard.swift in Sources */,
				78E7C8A72AF0440B00450A0E /* SampleContainer.swift in Sources */,
				785FDB1C2B0166D200B1BF0E /* AddFirstStepCard.swift in Sources */,
				782D63352AEBDF0500C1C48A /* FootprintsApp.swift in Sources */,
				7870EC0A2AF2913300080EE3 /* DateFormatter+Extension.swift in Sources */,
				78A41DDC2B2CB335007621BA /* ActivityScroll.swift in Sources */,
				785FDB1A2AFE7D2700B1BF0E /* View+Extension.swift in Sources */,
				782D63772AEBE4C200C1C48A /* AppScreen.swift in Sources */,
				785FDB1E2B01689F00B1BF0E /* StepCard.swift in Sources */,
			);
			runOnlyForDeploymentPostprocessing = 0;
		};
		782D633E2AEBDF0600C1C48A /* Sources */ = {
			isa = PBXSourcesBuildPhase;
			buildActionMask = 2147483647;
			files = (
				78709C7A2AEC025C00E53D1C /* MockDataContainer.swift in Sources */,
				78709C812AEC038B00E53D1C /* DateExtensionTests.swift in Sources */,
				78709C872AEC04F700E53D1C /* StringExtensionTests.swift in Sources */,
				78C1B4992B49EA8700871158 /* ServicesTests.swift in Sources */,
				78709C832AEC045000E53D1C /* TripTests.swift in Sources */,
				78709C782AEC020100E53D1C /* BaseTestCase.swift in Sources */,
				782D63472AEBDF0600C1C48A /* EnvironmentalValuesExtensionTests.swift in Sources */,
			);
			runOnlyForDeploymentPostprocessing = 0;
		};
		782D63482AEBDF0600C1C48A /* Sources */ = {
			isa = PBXSourcesBuildPhase;
			buildActionMask = 2147483647;
			files = (
				7870EC052AF2901100080EE3 /* Date+Extension.swift in Sources */,
				7870EC032AF2900E00080EE3 /* String+Extension.swift in Sources */,
				782D63532AEBDF0600C1C48A /* FootprintsUITestsLaunchTests.swift in Sources */,
				7870EC0B2AF2913A00080EE3 /* DateFormatter+Extension.swift in Sources */,
				7870EC082AF290E600080EE3 /* CalendarPicker.swift in Sources */,
				781448EC2AEC3C6200090E89 /* TripTests.swift in Sources */,
				782D63512AEBDF0600C1C48A /* NavigationUITests.swift in Sources */,
			);
			runOnlyForDeploymentPostprocessing = 0;
		};
		78DAEB6D2AED168F004350D7 /* Sources */ = {
			isa = PBXSourcesBuildPhase;
			buildActionMask = 2147483647;
			files = (
				7870EC062AF2901200080EE3 /* Date+Extension.swift in Sources */,
				7870EC042AF2900F00080EE3 /* String+Extension.swift in Sources */,
				7870EC0C2AF2913A00080EE3 /* DateFormatter+Extension.swift in Sources */,
				7870EC022AF28B7200080EE3 /* TripTests_Mac.swift in Sources */,
				78DAEB762AED168F004350D7 /* FootprintsUITests_MacLaunchTests.swift in Sources */,
				78DAEB742AED168F004350D7 /* NavigationUITests_Mac.swift in Sources */,
			);
			runOnlyForDeploymentPostprocessing = 0;
		};
/* End PBXSourcesBuildPhase section */

/* Begin PBXTargetDependency section */
		782D63442AEBDF0600C1C48A /* PBXTargetDependency */ = {
			isa = PBXTargetDependency;
			target = 782D63302AEBDF0500C1C48A /* Footprints */;
			targetProxy = 782D63432AEBDF0600C1C48A /* PBXContainerItemProxy */;
		};
		782D634E2AEBDF0600C1C48A /* PBXTargetDependency */ = {
			isa = PBXTargetDependency;
			target = 782D63302AEBDF0500C1C48A /* Footprints */;
			targetProxy = 782D634D2AEBDF0600C1C48A /* PBXContainerItemProxy */;
		};
		78DAEB782AED168F004350D7 /* PBXTargetDependency */ = {
			isa = PBXTargetDependency;
			target = 782D63302AEBDF0500C1C48A /* Footprints */;
			targetProxy = 78DAEB772AED168F004350D7 /* PBXContainerItemProxy */;
		};
/* End PBXTargetDependency section */

/* Begin XCBuildConfiguration section */
		782D63542AEBDF0600C1C48A /* Debug */ = {
			isa = XCBuildConfiguration;
			buildSettings = {
				ALWAYS_SEARCH_USER_PATHS = NO;
				ASSETCATALOG_COMPILER_GENERATE_SWIFT_ASSET_SYMBOL_EXTENSIONS = YES;
				CLANG_ANALYZER_NONNULL = YES;
				CLANG_ANALYZER_NUMBER_OBJECT_CONVERSION = YES_AGGRESSIVE;
				CLANG_CXX_LANGUAGE_STANDARD = "gnu++20";
				CLANG_ENABLE_MODULES = YES;
				CLANG_ENABLE_OBJC_ARC = YES;
				CLANG_ENABLE_OBJC_WEAK = YES;
				CLANG_WARN_BLOCK_CAPTURE_AUTORELEASING = YES;
				CLANG_WARN_BOOL_CONVERSION = YES;
				CLANG_WARN_COMMA = YES;
				CLANG_WARN_CONSTANT_CONVERSION = YES;
				CLANG_WARN_DEPRECATED_OBJC_IMPLEMENTATIONS = YES;
				CLANG_WARN_DIRECT_OBJC_ISA_USAGE = YES_ERROR;
				CLANG_WARN_DOCUMENTATION_COMMENTS = YES;
				CLANG_WARN_EMPTY_BODY = YES;
				CLANG_WARN_ENUM_CONVERSION = YES;
				CLANG_WARN_INFINITE_RECURSION = YES;
				CLANG_WARN_INT_CONVERSION = YES;
				CLANG_WARN_NON_LITERAL_NULL_CONVERSION = YES;
				CLANG_WARN_OBJC_IMPLICIT_RETAIN_SELF = YES;
				CLANG_WARN_OBJC_LITERAL_CONVERSION = YES;
				CLANG_WARN_OBJC_ROOT_CLASS = YES_ERROR;
				CLANG_WARN_QUOTED_INCLUDE_IN_FRAMEWORK_HEADER = YES;
				CLANG_WARN_RANGE_LOOP_ANALYSIS = YES;
				CLANG_WARN_STRICT_PROTOTYPES = YES;
				CLANG_WARN_SUSPICIOUS_MOVE = YES;
				CLANG_WARN_UNGUARDED_AVAILABILITY = YES_AGGRESSIVE;
				CLANG_WARN_UNREACHABLE_CODE = YES;
				CLANG_WARN__DUPLICATE_METHOD_MATCH = YES;
				COPY_PHASE_STRIP = NO;
				DEBUG_INFORMATION_FORMAT = dwarf;
				ENABLE_STRICT_OBJC_MSGSEND = YES;
				ENABLE_TESTABILITY = YES;
				ENABLE_USER_SCRIPT_SANDBOXING = YES;
				GCC_C_LANGUAGE_STANDARD = gnu17;
				GCC_DYNAMIC_NO_PIC = NO;
				GCC_NO_COMMON_BLOCKS = YES;
				GCC_OPTIMIZATION_LEVEL = 0;
				GCC_PREPROCESSOR_DEFINITIONS = (
					"DEBUG=1",
					"$(inherited)",
				);
				GCC_WARN_64_TO_32_BIT_CONVERSION = YES;
				GCC_WARN_ABOUT_RETURN_TYPE = YES_ERROR;
				GCC_WARN_UNDECLARED_SELECTOR = YES;
				GCC_WARN_UNINITIALIZED_AUTOS = YES_AGGRESSIVE;
				GCC_WARN_UNUSED_FUNCTION = YES;
				GCC_WARN_UNUSED_VARIABLE = YES;
				LOCALIZATION_PREFERS_STRING_CATALOGS = YES;
				MTL_ENABLE_DEBUG_INFO = INCLUDE_SOURCE;
				MTL_FAST_MATH = YES;
				ONLY_ACTIVE_ARCH = YES;
				SWIFT_ACTIVE_COMPILATION_CONDITIONS = "DEBUG $(inherited)";
				SWIFT_OPTIMIZATION_LEVEL = "-Onone";
			};
			name = Debug;
		};
		782D63552AEBDF0600C1C48A /* Release */ = {
			isa = XCBuildConfiguration;
			buildSettings = {
				ALWAYS_SEARCH_USER_PATHS = NO;
				ASSETCATALOG_COMPILER_GENERATE_SWIFT_ASSET_SYMBOL_EXTENSIONS = YES;
				CLANG_ANALYZER_NONNULL = YES;
				CLANG_ANALYZER_NUMBER_OBJECT_CONVERSION = YES_AGGRESSIVE;
				CLANG_CXX_LANGUAGE_STANDARD = "gnu++20";
				CLANG_ENABLE_MODULES = YES;
				CLANG_ENABLE_OBJC_ARC = YES;
				CLANG_ENABLE_OBJC_WEAK = YES;
				CLANG_WARN_BLOCK_CAPTURE_AUTORELEASING = YES;
				CLANG_WARN_BOOL_CONVERSION = YES;
				CLANG_WARN_COMMA = YES;
				CLANG_WARN_CONSTANT_CONVERSION = YES;
				CLANG_WARN_DEPRECATED_OBJC_IMPLEMENTATIONS = YES;
				CLANG_WARN_DIRECT_OBJC_ISA_USAGE = YES_ERROR;
				CLANG_WARN_DOCUMENTATION_COMMENTS = YES;
				CLANG_WARN_EMPTY_BODY = YES;
				CLANG_WARN_ENUM_CONVERSION = YES;
				CLANG_WARN_INFINITE_RECURSION = YES;
				CLANG_WARN_INT_CONVERSION = YES;
				CLANG_WARN_NON_LITERAL_NULL_CONVERSION = YES;
				CLANG_WARN_OBJC_IMPLICIT_RETAIN_SELF = YES;
				CLANG_WARN_OBJC_LITERAL_CONVERSION = YES;
				CLANG_WARN_OBJC_ROOT_CLASS = YES_ERROR;
				CLANG_WARN_QUOTED_INCLUDE_IN_FRAMEWORK_HEADER = YES;
				CLANG_WARN_RANGE_LOOP_ANALYSIS = YES;
				CLANG_WARN_STRICT_PROTOTYPES = YES;
				CLANG_WARN_SUSPICIOUS_MOVE = YES;
				CLANG_WARN_UNGUARDED_AVAILABILITY = YES_AGGRESSIVE;
				CLANG_WARN_UNREACHABLE_CODE = YES;
				CLANG_WARN__DUPLICATE_METHOD_MATCH = YES;
				COPY_PHASE_STRIP = NO;
				DEBUG_INFORMATION_FORMAT = "dwarf-with-dsym";
				ENABLE_NS_ASSERTIONS = NO;
				ENABLE_STRICT_OBJC_MSGSEND = YES;
				ENABLE_USER_SCRIPT_SANDBOXING = YES;
				GCC_C_LANGUAGE_STANDARD = gnu17;
				GCC_NO_COMMON_BLOCKS = YES;
				GCC_WARN_64_TO_32_BIT_CONVERSION = YES;
				GCC_WARN_ABOUT_RETURN_TYPE = YES_ERROR;
				GCC_WARN_UNDECLARED_SELECTOR = YES;
				GCC_WARN_UNINITIALIZED_AUTOS = YES_AGGRESSIVE;
				GCC_WARN_UNUSED_FUNCTION = YES;
				GCC_WARN_UNUSED_VARIABLE = YES;
				LOCALIZATION_PREFERS_STRING_CATALOGS = YES;
				MTL_ENABLE_DEBUG_INFO = NO;
				MTL_FAST_MATH = YES;
				SWIFT_COMPILATION_MODE = wholemodule;
			};
			name = Release;
		};
		782D63572AEBDF0600C1C48A /* Debug */ = {
			isa = XCBuildConfiguration;
			buildSettings = {
				ASSETCATALOG_COMPILER_APPICON_NAME = AppIcon;
				ASSETCATALOG_COMPILER_GLOBAL_ACCENT_COLOR_NAME = AccentColor;
				CODE_SIGN_ENTITLEMENTS = Footprints/Footprints.entitlements;
				CODE_SIGN_STYLE = Automatic;
				CURRENT_PROJECT_VERSION = 1;
				DEVELOPMENT_ASSET_PATHS = "\"Footprints/Preview Content\"";
				DEVELOPMENT_TEAM = UJT6W9JA72;
				ENABLE_HARDENED_RUNTIME = YES;
				ENABLE_PREVIEWS = YES;
				GENERATE_INFOPLIST_FILE = YES;
				"INFOPLIST_KEY_UIApplicationSceneManifest_Generation[sdk=iphoneos*]" = YES;
				"INFOPLIST_KEY_UIApplicationSceneManifest_Generation[sdk=iphonesimulator*]" = YES;
				"INFOPLIST_KEY_UIApplicationSupportsIndirectInputEvents[sdk=iphoneos*]" = YES;
				"INFOPLIST_KEY_UIApplicationSupportsIndirectInputEvents[sdk=iphonesimulator*]" = YES;
				"INFOPLIST_KEY_UILaunchScreen_Generation[sdk=iphoneos*]" = YES;
				"INFOPLIST_KEY_UILaunchScreen_Generation[sdk=iphonesimulator*]" = YES;
				"INFOPLIST_KEY_UIStatusBarStyle[sdk=iphoneos*]" = UIStatusBarStyleDefault;
				"INFOPLIST_KEY_UIStatusBarStyle[sdk=iphonesimulator*]" = UIStatusBarStyleDefault;
				INFOPLIST_KEY_UISupportedInterfaceOrientations_iPad = "UIInterfaceOrientationPortrait UIInterfaceOrientationPortraitUpsideDown UIInterfaceOrientationLandscapeLeft UIInterfaceOrientationLandscapeRight";
				INFOPLIST_KEY_UISupportedInterfaceOrientations_iPhone = "UIInterfaceOrientationPortrait UIInterfaceOrientationLandscapeLeft UIInterfaceOrientationLandscapeRight";
				IPHONEOS_DEPLOYMENT_TARGET = 17.2;
				LD_RUNPATH_SEARCH_PATHS = "@executable_path/Frameworks";
				"LD_RUNPATH_SEARCH_PATHS[sdk=macosx*]" = "@executable_path/../Frameworks";
				MACOSX_DEPLOYMENT_TARGET = 14.2;
				MARKETING_VERSION = 1.0;
				PRODUCT_BUNDLE_IDENTIFIER = com.jillallan.Footprints;
				PRODUCT_NAME = "$(TARGET_NAME)";
				SDKROOT = auto;
				SUPPORTED_PLATFORMS = "iphoneos iphonesimulator macosx";
				SWIFT_EMIT_LOC_STRINGS = YES;
				SWIFT_VERSION = 5.0;
				TARGETED_DEVICE_FAMILY = "1,2";
			};
			name = Debug;
		};
		782D63582AEBDF0600C1C48A /* Release */ = {
			isa = XCBuildConfiguration;
			buildSettings = {
				ASSETCATALOG_COMPILER_APPICON_NAME = AppIcon;
				ASSETCATALOG_COMPILER_GLOBAL_ACCENT_COLOR_NAME = AccentColor;
				CODE_SIGN_ENTITLEMENTS = Footprints/Footprints.entitlements;
				CODE_SIGN_STYLE = Automatic;
				CURRENT_PROJECT_VERSION = 1;
				DEVELOPMENT_ASSET_PATHS = "\"Footprints/Preview Content\"";
				DEVELOPMENT_TEAM = UJT6W9JA72;
				ENABLE_HARDENED_RUNTIME = YES;
				ENABLE_PREVIEWS = YES;
				GENERATE_INFOPLIST_FILE = YES;
				"INFOPLIST_KEY_UIApplicationSceneManifest_Generation[sdk=iphoneos*]" = YES;
				"INFOPLIST_KEY_UIApplicationSceneManifest_Generation[sdk=iphonesimulator*]" = YES;
				"INFOPLIST_KEY_UIApplicationSupportsIndirectInputEvents[sdk=iphoneos*]" = YES;
				"INFOPLIST_KEY_UIApplicationSupportsIndirectInputEvents[sdk=iphonesimulator*]" = YES;
				"INFOPLIST_KEY_UILaunchScreen_Generation[sdk=iphoneos*]" = YES;
				"INFOPLIST_KEY_UILaunchScreen_Generation[sdk=iphonesimulator*]" = YES;
				"INFOPLIST_KEY_UIStatusBarStyle[sdk=iphoneos*]" = UIStatusBarStyleDefault;
				"INFOPLIST_KEY_UIStatusBarStyle[sdk=iphonesimulator*]" = UIStatusBarStyleDefault;
				INFOPLIST_KEY_UISupportedInterfaceOrientations_iPad = "UIInterfaceOrientationPortrait UIInterfaceOrientationPortraitUpsideDown UIInterfaceOrientationLandscapeLeft UIInterfaceOrientationLandscapeRight";
				INFOPLIST_KEY_UISupportedInterfaceOrientations_iPhone = "UIInterfaceOrientationPortrait UIInterfaceOrientationLandscapeLeft UIInterfaceOrientationLandscapeRight";
				IPHONEOS_DEPLOYMENT_TARGET = 17.2;
				LD_RUNPATH_SEARCH_PATHS = "@executable_path/Frameworks";
				"LD_RUNPATH_SEARCH_PATHS[sdk=macosx*]" = "@executable_path/../Frameworks";
				MACOSX_DEPLOYMENT_TARGET = 14.2;
				MARKETING_VERSION = 1.0;
				PRODUCT_BUNDLE_IDENTIFIER = com.jillallan.Footprints;
				PRODUCT_NAME = "$(TARGET_NAME)";
				SDKROOT = auto;
				SUPPORTED_PLATFORMS = "iphoneos iphonesimulator macosx";
				SWIFT_EMIT_LOC_STRINGS = YES;
				SWIFT_VERSION = 5.0;
				TARGETED_DEVICE_FAMILY = "1,2";
			};
			name = Release;
		};
		782D635A2AEBDF0600C1C48A /* Debug */ = {
			isa = XCBuildConfiguration;
			buildSettings = {
				ALWAYS_EMBED_SWIFT_STANDARD_LIBRARIES = YES;
				BUNDLE_LOADER = "$(TEST_HOST)";
				CODE_SIGN_STYLE = Automatic;
				CURRENT_PROJECT_VERSION = 1;
				DEVELOPMENT_TEAM = UJT6W9JA72;
				GENERATE_INFOPLIST_FILE = YES;
				IPHONEOS_DEPLOYMENT_TARGET = 17.2;
				MACOSX_DEPLOYMENT_TARGET = 14.2;
				MARKETING_VERSION = 1.0;
				PRODUCT_BUNDLE_IDENTIFIER = com.jillallan.FootprintsTests;
				PRODUCT_NAME = "$(TARGET_NAME)";
				SDKROOT = auto;
				SUPPORTED_PLATFORMS = "iphoneos iphonesimulator macosx";
				SWIFT_EMIT_LOC_STRINGS = NO;
				SWIFT_VERSION = 5.0;
				TARGETED_DEVICE_FAMILY = "1,2";
				TEST_HOST = "$(BUILT_PRODUCTS_DIR)/Footprints.app/$(BUNDLE_EXECUTABLE_FOLDER_PATH)/Footprints";
			};
			name = Debug;
		};
		782D635B2AEBDF0600C1C48A /* Release */ = {
			isa = XCBuildConfiguration;
			buildSettings = {
				ALWAYS_EMBED_SWIFT_STANDARD_LIBRARIES = YES;
				BUNDLE_LOADER = "$(TEST_HOST)";
				CODE_SIGN_STYLE = Automatic;
				CURRENT_PROJECT_VERSION = 1;
				DEVELOPMENT_TEAM = UJT6W9JA72;
				GENERATE_INFOPLIST_FILE = YES;
				IPHONEOS_DEPLOYMENT_TARGET = 17.2;
				MACOSX_DEPLOYMENT_TARGET = 14.2;
				MARKETING_VERSION = 1.0;
				PRODUCT_BUNDLE_IDENTIFIER = com.jillallan.FootprintsTests;
				PRODUCT_NAME = "$(TARGET_NAME)";
				SDKROOT = auto;
				SUPPORTED_PLATFORMS = "iphoneos iphonesimulator macosx";
				SWIFT_EMIT_LOC_STRINGS = NO;
				SWIFT_VERSION = 5.0;
				TARGETED_DEVICE_FAMILY = "1,2";
				TEST_HOST = "$(BUILT_PRODUCTS_DIR)/Footprints.app/$(BUNDLE_EXECUTABLE_FOLDER_PATH)/Footprints";
			};
			name = Release;
		};
		782D635D2AEBDF0600C1C48A /* Debug */ = {
			isa = XCBuildConfiguration;
			buildSettings = {
				ALWAYS_EMBED_SWIFT_STANDARD_LIBRARIES = YES;
				CODE_SIGN_STYLE = Automatic;
				CURRENT_PROJECT_VERSION = 1;
				DEVELOPMENT_TEAM = UJT6W9JA72;
				GENERATE_INFOPLIST_FILE = YES;
				IPHONEOS_DEPLOYMENT_TARGET = 17.2;
				MACOSX_DEPLOYMENT_TARGET = 14.2;
				MARKETING_VERSION = 1.0;
				PRODUCT_BUNDLE_IDENTIFIER = com.jillallan.FootprintsUITests;
				PRODUCT_NAME = "$(TARGET_NAME)";
				SDKROOT = auto;
				SUPPORTED_PLATFORMS = "iphoneos iphonesimulator macosx";
				SWIFT_EMIT_LOC_STRINGS = NO;
				SWIFT_VERSION = 5.0;
				TARGETED_DEVICE_FAMILY = "1,2";
				TEST_TARGET_NAME = Footprints;
			};
			name = Debug;
		};
		782D635E2AEBDF0600C1C48A /* Release */ = {
			isa = XCBuildConfiguration;
			buildSettings = {
				ALWAYS_EMBED_SWIFT_STANDARD_LIBRARIES = YES;
				CODE_SIGN_STYLE = Automatic;
				CURRENT_PROJECT_VERSION = 1;
				DEVELOPMENT_TEAM = UJT6W9JA72;
				GENERATE_INFOPLIST_FILE = YES;
				IPHONEOS_DEPLOYMENT_TARGET = 17.2;
				MACOSX_DEPLOYMENT_TARGET = 14.2;
				MARKETING_VERSION = 1.0;
				PRODUCT_BUNDLE_IDENTIFIER = com.jillallan.FootprintsUITests;
				PRODUCT_NAME = "$(TARGET_NAME)";
				SDKROOT = auto;
				SUPPORTED_PLATFORMS = "iphoneos iphonesimulator macosx";
				SWIFT_EMIT_LOC_STRINGS = NO;
				SWIFT_VERSION = 5.0;
				TARGETED_DEVICE_FAMILY = "1,2";
				TEST_TARGET_NAME = Footprints;
			};
			name = Release;
		};
		78DAEB792AED168F004350D7 /* Debug */ = {
			isa = XCBuildConfiguration;
			buildSettings = {
				CODE_SIGN_STYLE = Automatic;
				CURRENT_PROJECT_VERSION = 1;
				DEVELOPMENT_TEAM = UJT6W9JA72;
				GENERATE_INFOPLIST_FILE = YES;
				IPHONEOS_DEPLOYMENT_TARGET = 17.2;
				MARKETING_VERSION = 1.0;
				PRODUCT_BUNDLE_IDENTIFIER = "com.jillallan.FootprintsUITests-Mac";
				PRODUCT_NAME = "$(TARGET_NAME)";
				SDKROOT = iphoneos;
				SUPPORTED_PLATFORMS = "iphoneos iphonesimulator macosx";
				SUPPORTS_MACCATALYST = NO;
				SUPPORTS_MAC_DESIGNED_FOR_IPHONE_IPAD = NO;
				SWIFT_EMIT_LOC_STRINGS = NO;
				SWIFT_VERSION = 5.0;
				TARGETED_DEVICE_FAMILY = "1,2";
				TEST_TARGET_NAME = Footprints;
			};
			name = Debug;
		};
		78DAEB7A2AED168F004350D7 /* Release */ = {
			isa = XCBuildConfiguration;
			buildSettings = {
				CODE_SIGN_STYLE = Automatic;
				CURRENT_PROJECT_VERSION = 1;
				DEVELOPMENT_TEAM = UJT6W9JA72;
				GENERATE_INFOPLIST_FILE = YES;
				IPHONEOS_DEPLOYMENT_TARGET = 17.2;
				MARKETING_VERSION = 1.0;
				PRODUCT_BUNDLE_IDENTIFIER = "com.jillallan.FootprintsUITests-Mac";
				PRODUCT_NAME = "$(TARGET_NAME)";
				SDKROOT = iphoneos;
				SUPPORTED_PLATFORMS = "iphoneos iphonesimulator macosx";
				SUPPORTS_MACCATALYST = NO;
				SUPPORTS_MAC_DESIGNED_FOR_IPHONE_IPAD = NO;
				SWIFT_EMIT_LOC_STRINGS = NO;
				SWIFT_VERSION = 5.0;
				TARGETED_DEVICE_FAMILY = "1,2";
				TEST_TARGET_NAME = Footprints;
				VALIDATE_PRODUCT = YES;
			};
			name = Release;
		};
/* End XCBuildConfiguration section */

/* Begin XCConfigurationList section */
		782D632C2AEBDF0500C1C48A /* Build configuration list for PBXProject "Footprints" */ = {
			isa = XCConfigurationList;
			buildConfigurations = (
				782D63542AEBDF0600C1C48A /* Debug */,
				782D63552AEBDF0600C1C48A /* Release */,
			);
			defaultConfigurationIsVisible = 0;
			defaultConfigurationName = Release;
		};
		782D63562AEBDF0600C1C48A /* Build configuration list for PBXNativeTarget "Footprints" */ = {
			isa = XCConfigurationList;
			buildConfigurations = (
				782D63572AEBDF0600C1C48A /* Debug */,
				782D63582AEBDF0600C1C48A /* Release */,
			);
			defaultConfigurationIsVisible = 0;
			defaultConfigurationName = Release;
		};
		782D63592AEBDF0600C1C48A /* Build configuration list for PBXNativeTarget "FootprintsTests" */ = {
			isa = XCConfigurationList;
			buildConfigurations = (
				782D635A2AEBDF0600C1C48A /* Debug */,
				782D635B2AEBDF0600C1C48A /* Release */,
			);
			defaultConfigurationIsVisible = 0;
			defaultConfigurationName = Release;
		};
		782D635C2AEBDF0600C1C48A /* Build configuration list for PBXNativeTarget "FootprintsUITests" */ = {
			isa = XCConfigurationList;
			buildConfigurations = (
				782D635D2AEBDF0600C1C48A /* Debug */,
				782D635E2AEBDF0600C1C48A /* Release */,
			);
			defaultConfigurationIsVisible = 0;
			defaultConfigurationName = Release;
		};
		78DAEB7B2AED168F004350D7 /* Build configuration list for PBXNativeTarget "FootprintsUITests-Mac" */ = {
			isa = XCConfigurationList;
			buildConfigurations = (
				78DAEB792AED168F004350D7 /* Debug */,
				78DAEB7A2AED168F004350D7 /* Release */,
			);
			defaultConfigurationIsVisible = 0;
			defaultConfigurationName = Release;
		};
/* End XCConfigurationList section */
	};
	rootObject = 782D63292AEBDF0500C1C48A /* Project object */;
}
